
Microsoft Visual Studio Solution File, Format Version 12.00
# Visual Studio 15
VisualStudioVersion = 15.0.27703.2018
MinimumVisualStudioVersion = 10.0.40219.1
Project("{2150E333-8FDC-42A3-9474-1A3956D46DE8}") = "Front", "Front", "{92747373-3C77-4FF9-B855-BE877DB154A8}"
EndProject
Project("{2150E333-8FDC-42A3-9474-1A3956D46DE8}") = "Api", "Api", "{05628938-F07E-4149-B2F6-C0742C653910}"
EndProject
Project("{2150E333-8FDC-42A3-9474-1A3956D46DE8}") = "Data", "Data", "{D70567A2-9651-40ED-B4E7-B2C830985BA7}"
EndProject
Project("{2150E333-8FDC-42A3-9474-1A3956D46DE8}") = "Business", "Business", "{14F9D383-D385-4045-958C-9A7A379EEE48}"
EndProject
Project("{FAE04EC0-301F-11D3-BF4B-00C04F79EFBC}") = "FragonChallenge.Data", "FragonChallenge.Data\FragonChallenge.Data.csproj", "{93A1C65B-4FB7-4E32-9F97-6025A5ABE460}"
EndProject
Project("{FAE04EC0-301F-11D3-BF4B-00C04F79EFBC}") = "FragonChallenge.Business", "FragonChallenge.Business\FragonChallenge.Business.csproj", "{74F85E28-8AD2-4438-9219-7473A998E1D7}"
EndProject
Project("{FAE04EC0-301F-11D3-BF4B-00C04F79EFBC}") = "FragonChallenge.Api", "FragonChallenge.Api\FragonChallenge.Api.csproj", "{46379A3A-0CD6-40F2-988C-C11578798642}"
EndProject
Project("{FAE04EC0-301F-11D3-BF4B-00C04F79EFBC}") = "FragonChallenge.Front", "FragonChallenge.Front\FragonChallenge.Front.csproj", "{6EF1A877-5F24-4E1F-B009-50DAABD583BD}"
EndProject
Global
	GlobalSection(SolutionConfigurationPlatforms) = preSolution
		Debug|Any CPU = Debug|Any CPU
		Release|Any CPU = Release|Any CPU
	EndGlobalSection
	GlobalSection(ProjectConfigurationPlatforms) = postSolution
		{93A1C65B-4FB7-4E32-9F97-6025A5ABE460}.Debug|Any CPU.ActiveCfg = Debug|Any CPU
		{93A1C65B-4FB7-4E32-9F97-6025A5ABE460}.Debug|Any CPU.Build.0 = Debug|Any CPU
		{93A1C65B-4FB7-4E32-9F97-6025A5ABE460}.Release|Any CPU.ActiveCfg = Release|Any CPU
		{93A1C65B-4FB7-4E32-9F97-6025A5ABE460}.Release|Any CPU.Build.0 = Release|Any CPU
		{74F85E28-8AD2-4438-9219-7473A998E1D7}.Debug|Any CPU.ActiveCfg = Debug|Any CPU
		{74F85E28-8AD2-4438-9219-7473A998E1D7}.Debug|Any CPU.Build.0 = Debug|Any CPU
		{74F85E28-8AD2-4438-9219-7473A998E1D7}.Release|Any CPU.ActiveCfg = Release|Any CPU
		{74F85E28-8AD2-4438-9219-7473A998E1D7}.Release|Any CPU.Build.0 = Release|Any CPU
		{46379A3A-0CD6-40F2-988C-C11578798642}.Debug|Any CPU.ActiveCfg = Debug|Any CPU
		{46379A3A-0CD6-40F2-988C-C11578798642}.Debug|Any CPU.Build.0 = Debug|Any CPU
		{46379A3A-0CD6-40F2-988C-C11578798642}.Release|Any CPU.ActiveCfg = Release|Any CPU
		{46379A3A-0CD6-40F2-988C-C11578798642}.Release|Any CPU.Build.0 = Release|Any CPU
		{6EF1A877-5F24-4E1F-B009-50DAABD583BD}.Debug|Any CPU.ActiveCfg = Debug|Any CPU
		{6EF1A877-5F24-4E1F-B009-50DAABD583BD}.Debug|Any CPU.Build.0 = Debug|Any CPU
		{6EF1A877-5F24-4E1F-B009-50DAABD583BD}.Release|Any CPU.ActiveCfg = Release|Any CPU
		{6EF1A877-5F24-4E1F-B009-50DAABD583BD}.Release|Any CPU.Build.0 = Release|Any CPU
	EndGlobalSection
	GlobalSection(SolutionProperties) = preSolution
		HideSolutionNode = FALSE
	EndGlobalSection
	GlobalSection(NestedProjects) = preSolution
		{93A1C65B-4FB7-4E32-9F97-6025A5ABE460} = {D70567A2-9651-40ED-B4E7-B2C830985BA7}
		{74F85E28-8AD2-4438-9219-7473A998E1D7} = {14F9D383-D385-4045-958C-9A7A379EEE48}
		{46379A3A-0CD6-40F2-988C-C11578798642} = {05628938-F07E-4149-B2F6-C0742C653910}
		{6EF1A877-5F24-4E1F-B009-50DAABD583BD} = {92747373-3C77-4FF9-B855-BE877DB154A8}
	EndGlobalSection
	GlobalSection(ExtensibilityGlobals) = postSolution
		SolutionGuid = {BA6BD68C-1C6E-4CC1-B6C7-0D526E86606D}
	EndGlobalSection
EndGlobal
